
Microsoft Visual Studio Solution File, Format Version 12.00
# Visual Studio Version 16
VisualStudioVersion = 16.0.30517.126
MinimumVisualStudioVersion = 10.0.40219.1
Project("{FAE04EC0-301F-11D3-BF4B-00C04F79EFBC}") = "Sol_Demo", "Sol_Demo\Sol_Demo.csproj", "{49789BAF-FB91-4601-940B-CC22DAED8323}"
EndProject
Global
	GlobalSection(SolutionConfigurationPlatforms) = preSolution
		Debug|Any CPU = Debug|Any CPU
		Release|Any CPU = Release|Any CPU
	EndGlobalSection
	GlobalSection(ProjectConfigurationPlatforms) = postSolution
		{49789BAF-FB91-4601-940B-CC22DAED8323}.Debug|Any CPU.ActiveCfg = Debug|Any CPU
		{49789BAF-FB91-4601-940B-CC22DAED8323}.Debug|Any CPU.Build.0 = Debug|Any CPU
		{49789BAF-FB91-4601-940B-CC22DAED8323}.Release|Any CPU.ActiveCfg = Release|Any CPU
		{49789BAF-FB91-4601-940B-CC22DAED8323}.Release|Any CPU.Build.0 = Release|Any CPU
	EndGlobalSection
	GlobalSection(SolutionProperties) = preSolution
		HideSolutionNode = FALSE
	EndGlobalSection
	GlobalSection(ExtensibilityGlobals) = postSolution
		SolutionGuid = {3B04F603-A37C-410F-A434-DA5CA0057A27}
	EndGlobalSection
EndGlobal
